
Microsoft Visual Studio Solution File, Format Version 12.00
# Visual Studio Version 17
VisualStudioVersion = 17.7.33808.371
MinimumVisualStudioVersion = 10.0.40219.1
Project("{9A19103F-16F7-4668-BE54-9A1E7A4F7556}") = "Lynx", "Lynx\Lynx.csproj", "{F56F469A-10CE-4440-AAE6-DC5B59885C93}"
EndProject
Project("{9A19103F-16F7-4668-BE54-9A1E7A4F7556}") = "Domain", "Domain\Domain.csproj", "{6E95CBA6-68DE-4386-8E46-9D35B8670B43}"
EndProject
Global
	GlobalSection(SolutionConfigurationPlatforms) = preSolution
		Debug|Any CPU = Debug|Any CPU
		Release|Any CPU = Release|Any CPU
	EndGlobalSection
	GlobalSection(ProjectConfigurationPlatforms) = postSolution
		{F56F469A-10CE-4440-AAE6-DC5B59885C93}.Debug|Any CPU.ActiveCfg = Debug|Any CPU
		{F56F469A-10CE-4440-AAE6-DC5B59885C93}.Debug|Any CPU.Build.0 = Debug|Any CPU
		{F56F469A-10CE-4440-AAE6-DC5B59885C93}.Debug|Any CPU.Deploy.0 = Debug|Any CPU
		{F56F469A-10CE-4440-AAE6-DC5B59885C93}.Release|Any CPU.ActiveCfg = Release|Any CPU
		{F56F469A-10CE-4440-AAE6-DC5B59885C93}.Release|Any CPU.Build.0 = Release|Any CPU
		{F56F469A-10CE-4440-AAE6-DC5B59885C93}.Release|Any CPU.Deploy.0 = Release|Any CPU
		{6E95CBA6-68DE-4386-8E46-9D35B8670B43}.Debug|Any CPU.ActiveCfg = Debug|Any CPU
		{6E95CBA6-68DE-4386-8E46-9D35B8670B43}.Debug|Any CPU.Build.0 = Debug|Any CPU
		{6E95CBA6-68DE-4386-8E46-9D35B8670B43}.Release|Any CPU.ActiveCfg = Release|Any CPU
		{6E95CBA6-68DE-4386-8E46-9D35B8670B43}.Release|Any CPU.Build.0 = Release|Any CPU
	EndGlobalSection
	GlobalSection(SolutionProperties) = preSolution
		HideSolutionNode = FALSE
	EndGlobalSection
	GlobalSection(ExtensibilityGlobals) = postSolution
		SolutionGuid = {A92BA64C-1A69-4D77-807B-F94A66EF531C}
	EndGlobalSection
EndGlobal
